
Microsoft Visual Studio Solution File, Format Version 12.00
# Visual Studio Version 16
VisualStudioVersion = 16.0.31321.278
MinimumVisualStudioVersion = 10.0.40219.1
Project("{FAE04EC0-301F-11D3-BF4B-00C04F79EFBC}") = "monitor", "monitor\monitor.csproj", "{F8C4E9AD-BF25-46D2-BB58-61D4061741CE}"
EndProject
Global
	GlobalSection(SolutionConfigurationPlatforms) = preSolution
		Debug|Any CPU = Debug|Any CPU
		Release|Any CPU = Release|Any CPU
	EndGlobalSection
	GlobalSection(ProjectConfigurationPlatforms) = postSolution
		{F8C4E9AD-BF25-46D2-BB58-61D4061741CE}.Debug|Any CPU.ActiveCfg = Debug|Any CPU
		{F8C4E9AD-BF25-46D2-BB58-61D4061741CE}.Debug|Any CPU.Build.0 = Debug|Any CPU
		{F8C4E9AD-BF25-46D2-BB58-61D4061741CE}.Release|Any CPU.ActiveCfg = Release|Any CPU
		{F8C4E9AD-BF25-46D2-BB58-61D4061741CE}.Release|Any CPU.Build.0 = Release|Any CPU
	EndGlobalSection
	GlobalSection(SolutionProperties) = preSolution
		HideSolutionNode = FALSE
	EndGlobalSection
	GlobalSection(ExtensibilityGlobals) = postSolution
		SolutionGuid = {70166488-8F46-4481-AE9F-A7A989A90106}
	EndGlobalSection
EndGlobal
